// !$*UTF8*$!
{
	archiveVersion = 1;
	classes = {
	};
	objectVersion = 50;
	objects = {

/* Begin PBXBuildFile section */
		0DF3626B2228D69E0052EF10 /* makedebugpoint.c in Sources */ = {isa = PBXBuildFile; fileRef = 0DF3626A2228D69E0052EF10 /* makedebugpoint.c */; };
		0DF362732228D7380052EF10 /* globle_data_definitions.h in Headers */ = {isa = PBXBuildFile; fileRef = 0DF362722228D7380052EF10 /* globle_data_definitions.h */; };
		0DF3627F2228DA200052EF10 /* inline_hook.h in Headers */ = {isa = PBXBuildFile; fileRef = 0DF3627D2228DA200052EF10 /* inline_hook.h */; };
		0DF362802228DA200052EF10 /* inline_hook.c in Sources */ = {isa = PBXBuildFile; fileRef = 0DF3627E2228DA200052EF10 /* inline_hook.c */; };
		0DF362842228DE0E0052EF10 /* is_io_connect_method_trampline.h in Headers */ = {isa = PBXBuildFile; fileRef = 0DF362822228DE0E0052EF10 /* is_io_connect_method_trampline.h */; };
		0DF362852228DE0E0052EF10 /* is_io_connect_method_trampline.c in Sources */ = {isa = PBXBuildFile; fileRef = 0DF362832228DE0E0052EF10 /* is_io_connect_method_trampline.c */; };
		0DF36289222939480052EF10 /* Mutext.h in Headers */ = {isa = PBXBuildFile; fileRef = 0DF36287222939480052EF10 /* Mutext.h */; };
		0DF3628A222939480052EF10 /* Mutext.c in Sources */ = {isa = PBXBuildFile; fileRef = 0DF36288222939480052EF10 /* Mutext.c */; };
		0DF3628E22293A1E0052EF10 /* kernel_info.h in Headers */ = {isa = PBXBuildFile; fileRef = 0DF3628C22293A1E0052EF10 /* kernel_info.h */; };
		0DF3628F22293A1E0052EF10 /* kernel_info.c in Sources */ = {isa = PBXBuildFile; fileRef = 0DF3628D22293A1E0052EF10 /* kernel_info.c */; };
		0DF36292222CCE7E0052EF10 /* trampline_manager.h in Headers */ = {isa = PBXBuildFile; fileRef = 0DF36290222CCE7E0052EF10 /* trampline_manager.h */; };
		0DF36293222CCE7E0052EF10 /* trampline_manager.c in Sources */ = {isa = PBXBuildFile; fileRef = 0DF36291222CCE7E0052EF10 /* trampline_manager.c */; };
		0DF36296222CCF5F0052EF10 /* cpu_protection.h in Headers */ = {isa = PBXBuildFile; fileRef = 0DF36294222CCF5F0052EF10 /* cpu_protection.h */; };
		0DF36297222CCF5F0052EF10 /* cpu_protection.c in Sources */ = {isa = PBXBuildFile; fileRef = 0DF36295222CCF5F0052EF10 /* cpu_protection.c */; };
		99FE8E33222CFBE0006CB83B /* IOKit.framework in Frameworks */ = {isa = PBXBuildFile; fileRef = 99FE8E32222CFBE0006CB83B /* IOKit.framework */; };
/* End PBXBuildFile section */

/* Begin PBXFileReference section */
		0DF362672228D69E0052EF10 /* makedebugpoint.kext */ = {isa = PBXFileReference; explicitFileType = wrapper.cfbundle; includeInIndex = 0; path = makedebugpoint.kext; sourceTree = BUILT_PRODUCTS_DIR; };
		0DF3626A2228D69E0052EF10 /* makedebugpoint.c */ = {isa = PBXFileReference; lastKnownFileType = sourcecode.c.c; path = makedebugpoint.c; sourceTree = "<group>"; };
		0DF3626C2228D69E0052EF10 /* Info.plist */ = {isa = PBXFileReference; lastKnownFileType = text.plist.xml; path = Info.plist; sourceTree = "<group>"; };
		0DF362722228D7380052EF10 /* globle_data_definitions.h */ = {isa = PBXFileReference; lastKnownFileType = sourcecode.c.h; path = globle_data_definitions.h; sourceTree = "<group>"; };
		0DF3627D2228DA200052EF10 /* inline_hook.h */ = {isa = PBXFileReference; lastKnownFileType = sourcecode.c.h; path = inline_hook.h; sourceTree = "<group>"; };
		0DF3627E2228DA200052EF10 /* inline_hook.c */ = {isa = PBXFileReference; lastKnownFileType = sourcecode.c.c; path = inline_hook.c; sourceTree = "<group>"; };
		0DF362812228DB6F0052EF10 /* configuration.h */ = {isa = PBXFileReference; lastKnownFileType = sourcecode.c.h; path = configuration.h; sourceTree = "<group>"; };
		0DF362822228DE0E0052EF10 /* is_io_connect_method_trampline.h */ = {isa = PBXFileReference; lastKnownFileType = sourcecode.c.h; path = is_io_connect_method_trampline.h; sourceTree = "<group>"; };
		0DF362832228DE0E0052EF10 /* is_io_connect_method_trampline.c */ = {isa = PBXFileReference; lastKnownFileType = sourcecode.c.c; path = is_io_connect_method_trampline.c; sourceTree = "<group>"; };
		0DF36287222939480052EF10 /* Mutext.h */ = {isa = PBXFileReference; lastKnownFileType = sourcecode.c.h; path = Mutext.h; sourceTree = "<group>"; };
		0DF36288222939480052EF10 /* Mutext.c */ = {isa = PBXFileReference; lastKnownFileType = sourcecode.c.c; path = Mutext.c; sourceTree = "<group>"; };
		0DF3628C22293A1E0052EF10 /* kernel_info.h */ = {isa = PBXFileReference; lastKnownFileType = sourcecode.c.h; path = kernel_info.h; sourceTree = "<group>"; };
		0DF3628D22293A1E0052EF10 /* kernel_info.c */ = {isa = PBXFileReference; lastKnownFileType = sourcecode.c.c; path = kernel_info.c; sourceTree = "<group>"; };
		0DF36290222CCE7E0052EF10 /* trampline_manager.h */ = {isa = PBXFileReference; lastKnownFileType = sourcecode.c.h; path = trampline_manager.h; sourceTree = "<group>"; };
		0DF36291222CCE7E0052EF10 /* trampline_manager.c */ = {isa = PBXFileReference; lastKnownFileType = sourcecode.c.c; path = trampline_manager.c; sourceTree = "<group>"; };
		0DF36294222CCF5F0052EF10 /* cpu_protection.h */ = {isa = PBXFileReference; lastKnownFileType = sourcecode.c.h; path = cpu_protection.h; sourceTree = "<group>"; };
		0DF36295222CCF5F0052EF10 /* cpu_protection.c */ = {isa = PBXFileReference; lastKnownFileType = sourcecode.c.c; path = cpu_protection.c; sourceTree = "<group>"; };
		99FE8E32222CFBE0006CB83B /* IOKit.framework */ = {isa = PBXFileReference; lastKnownFileType = wrapper.framework; name = IOKit.framework; path = System/Library/Frameworks/IOKit.framework; sourceTree = SDKROOT; };
/* End PBXFileReference section */

/* Begin PBXFrameworksBuildPhase section */
		0DF362632228D69E0052EF10 /* Frameworks */ = {
			isa = PBXFrameworksBuildPhase;
			buildActionMask = 2147483647;
			files = (
				99FE8E33222CFBE0006CB83B /* IOKit.framework in Frameworks */,
			);
			runOnlyForDeploymentPostprocessing = 0;
		};
/* End PBXFrameworksBuildPhase section */

/* Begin PBXGroup section */
		0DF3625D2228D69E0052EF10 = {
			isa = PBXGroup;
			children = (
				0DF362692228D69E0052EF10 /* makedebugpoint */,
				0DF362682228D69E0052EF10 /* Products */,
				99FE8E31222CFBDF006CB83B /* Frameworks */,
			);
			sourceTree = "<group>";
		};
		0DF362682228D69E0052EF10 /* Products */ = {
			isa = PBXGroup;
			children = (
				0DF362672228D69E0052EF10 /* makedebugpoint.kext */,
			);
			name = Products;
			sourceTree = "<group>";
		};
		0DF362692228D69E0052EF10 /* makedebugpoint */ = {
			isa = PBXGroup;
			children = (
				0DF3628B222939F40052EF10 /* solve_kernel_symbols */,
				0DF362862229391B0052EF10 /* utils */,
				0DF3627C2228D9FA0052EF10 /* inline-hook */,
				0DF3626A2228D69E0052EF10 /* makedebugpoint.c */,
				0DF3626C2228D69E0052EF10 /* Info.plist */,
				0DF362722228D7380052EF10 /* globle_data_definitions.h */,
				0DF362812228DB6F0052EF10 /* configuration.h */,
			);
			path = makedebugpoint;
			sourceTree = "<group>";
		};
		0DF3627C2228D9FA0052EF10 /* inline-hook */ = {
			isa = PBXGroup;
			children = (
				0DF3627D2228DA200052EF10 /* inline_hook.h */,
				0DF3627E2228DA200052EF10 /* inline_hook.c */,
				0DF362822228DE0E0052EF10 /* is_io_connect_method_trampline.h */,
				0DF362832228DE0E0052EF10 /* is_io_connect_method_trampline.c */,
			);
			path = "inline-hook";
			sourceTree = "<group>";
		};
		0DF362862229391B0052EF10 /* utils */ = {
			isa = PBXGroup;
			children = (
				0DF36287222939480052EF10 /* Mutext.h */,
				0DF36288222939480052EF10 /* Mutext.c */,
				0DF36290222CCE7E0052EF10 /* trampline_manager.h */,
				0DF36291222CCE7E0052EF10 /* trampline_manager.c */,
				0DF36294222CCF5F0052EF10 /* cpu_protection.h */,
				0DF36295222CCF5F0052EF10 /* cpu_protection.c */,
			);
			path = utils;
			sourceTree = "<group>";
		};
		0DF3628B222939F40052EF10 /* solve_kernel_symbols */ = {
			isa = PBXGroup;
			children = (
				0DF3628C22293A1E0052EF10 /* kernel_info.h */,
				0DF3628D22293A1E0052EF10 /* kernel_info.c */,
			);
			path = solve_kernel_symbols;
			sourceTree = "<group>";
		};
		99FE8E31222CFBDF006CB83B /* Frameworks */ = {
			isa = PBXGroup;
			children = (
				99FE8E32222CFBE0006CB83B /* IOKit.framework */,
			);
			name = Frameworks;
			sourceTree = "<group>";
		};
/* End PBXGroup section */

/* Begin PBXHeadersBuildPhase section */
		0DF362642228D69E0052EF10 /* Headers */ = {
			isa = PBXHeadersBuildPhase;
			buildActionMask = 2147483647;
			files = (
				0DF3627F2228DA200052EF10 /* inline_hook.h in Headers */,
				0DF36289222939480052EF10 /* Mutext.h in Headers */,
				0DF362842228DE0E0052EF10 /* is_io_connect_method_trampline.h in Headers */,
				0DF36292222CCE7E0052EF10 /* trampline_manager.h in Headers */,
				0DF3628E22293A1E0052EF10 /* kernel_info.h in Headers */,
				0DF36296222CCF5F0052EF10 /* cpu_protection.h in Headers */,
				0DF362732228D7380052EF10 /* globle_data_definitions.h in Headers */,
			);
			runOnlyForDeploymentPostprocessing = 0;
		};
/* End PBXHeadersBuildPhase section */

/* Begin PBXNativeTarget section */
		0DF362662228D69E0052EF10 /* makedebugpoint */ = {
			isa = PBXNativeTarget;
			buildConfigurationList = 0DF3626F2228D69E0052EF10 /* Build configuration list for PBXNativeTarget "makedebugpoint" */;
			buildPhases = (
				0DF362622228D69E0052EF10 /* Sources */,
				0DF362632228D69E0052EF10 /* Frameworks */,
				0DF362642228D69E0052EF10 /* Headers */,
				0DF362652228D69E0052EF10 /* Resources */,
			);
			buildRules = (
			);
			dependencies = (
			);
			name = makedebugpoint;
			productName = makedebugpoint;
			productReference = 0DF362672228D69E0052EF10 /* makedebugpoint.kext */;
			productType = "com.apple.product-type.kernel-extension";
		};
/* End PBXNativeTarget section */

/* Begin PBXProject section */
		0DF3625E2228D69E0052EF10 /* Project object */ = {
			isa = PBXProject;
			attributes = {
				LastUpgradeCheck = 0940;
				ORGANIZATIONNAME = zuff;
				TargetAttributes = {
					0DF362662228D69E0052EF10 = {
						CreatedOnToolsVersion = 9.4;
					};
				};
			};
			buildConfigurationList = 0DF362612228D69E0052EF10 /* Build configuration list for PBXProject "makedebugpoint" */;
			compatibilityVersion = "Xcode 9.3";
			developmentRegion = en;
			hasScannedForEncodings = 0;
			knownRegions = (
				en,
			);
			mainGroup = 0DF3625D2228D69E0052EF10;
			productRefGroup = 0DF362682228D69E0052EF10 /* Products */;
			projectDirPath = "";
			projectRoot = "";
			targets = (
				0DF362662228D69E0052EF10 /* makedebugpoint */,
			);
		};
/* End PBXProject section */

/* Begin PBXResourcesBuildPhase section */
		0DF362652228D69E0052EF10 /* Resources */ = {
			isa = PBXResourcesBuildPhase;
			buildActionMask = 2147483647;
			files = (
			);
			runOnlyForDeploymentPostprocessing = 0;
		};
/* End PBXResourcesBuildPhase section */

/* Begin PBXSourcesBuildPhase section */
		0DF362622228D69E0052EF10 /* Sources */ = {
			isa = PBXSourcesBuildPhase;
			buildActionMask = 2147483647;
			files = (
				0DF36293222CCE7E0052EF10 /* trampline_manager.c in Sources */,
				0DF3628A222939480052EF10 /* Mutext.c in Sources */,
				0DF362852228DE0E0052EF10 /* is_io_connect_method_trampline.c in Sources */,
				0DF3626B2228D69E0052EF10 /* makedebugpoint.c in Sources */,
				0DF36297222CCF5F0052EF10 /* cpu_protection.c in Sources */,
				0DF3628F22293A1E0052EF10 /* kernel_info.c in Sources */,
				0DF362802228DA200052EF10 /* inline_hook.c in Sources */,
			);
			runOnlyForDeploymentPostprocessing = 0;
		};
/* End PBXSourcesBuildPhase section */

/* Begin XCBuildConfiguration section */
		0DF3626D2228D69E0052EF10 /* Debug */ = {
			isa = XCBuildConfiguration;
			buildSettings = {
				ALWAYS_SEARCH_USER_PATHS = NO;
				CLANG_ANALYZER_NONNULL = YES;
				CLANG_ANALYZER_NUMBER_OBJECT_CONVERSION = YES_AGGRESSIVE;
				CLANG_CXX_LANGUAGE_STANDARD = "gnu++14";
				CLANG_CXX_LIBRARY = "libc++";
				CLANG_ENABLE_MODULES = YES;
				CLANG_ENABLE_OBJC_ARC = YES;
				CLANG_ENABLE_OBJC_WEAK = YES;
				CLANG_WARN_BLOCK_CAPTURE_AUTORELEASING = YES;
				CLANG_WARN_BOOL_CONVERSION = YES;
				CLANG_WARN_COMMA = YES;
				CLANG_WARN_CONSTANT_CONVERSION = YES;
				CLANG_WARN_DEPRECATED_OBJC_IMPLEMENTATIONS = YES;
				CLANG_WARN_DIRECT_OBJC_ISA_USAGE = YES_ERROR;
				CLANG_WARN_DOCUMENTATION_COMMENTS = YES;
				CLANG_WARN_EMPTY_BODY = YES;
				CLANG_WARN_ENUM_CONVERSION = YES;
				CLANG_WARN_INFINITE_RECURSION = YES;
				CLANG_WARN_INT_CONVERSION = YES;
				CLANG_WARN_NON_LITERAL_NULL_CONVERSION = YES;
				CLANG_WARN_OBJC_IMPLICIT_RETAIN_SELF = YES;
				CLANG_WARN_OBJC_LITERAL_CONVERSION = YES;
				CLANG_WARN_OBJC_ROOT_CLASS = YES_ERROR;
				CLANG_WARN_RANGE_LOOP_ANALYSIS = YES;
				CLANG_WARN_STRICT_PROTOTYPES = YES;
				CLANG_WARN_SUSPICIOUS_MOVE = YES;
				CLANG_WARN_UNGUARDED_AVAILABILITY = YES_AGGRESSIVE;
				CLANG_WARN_UNREACHABLE_CODE = YES;
				CLANG_WARN__DUPLICATE_METHOD_MATCH = YES;
				CODE_SIGN_IDENTITY = "-";
				COPY_PHASE_STRIP = NO;
				DEBUG_INFORMATION_FORMAT = dwarf;
				ENABLE_STRICT_OBJC_MSGSEND = YES;
				ENABLE_TESTABILITY = YES;
				GCC_C_LANGUAGE_STANDARD = gnu11;
				GCC_DYNAMIC_NO_PIC = NO;
				GCC_NO_COMMON_BLOCKS = YES;
				GCC_OPTIMIZATION_LEVEL = 0;
				GCC_PREPROCESSOR_DEFINITIONS = (
					"DEBUG=1",
					"$(inherited)",
				);
				GCC_WARN_64_TO_32_BIT_CONVERSION = YES;
				GCC_WARN_ABOUT_RETURN_TYPE = YES_ERROR;
				GCC_WARN_UNDECLARED_SELECTOR = YES;
				GCC_WARN_UNINITIALIZED_AUTOS = YES_AGGRESSIVE;
				GCC_WARN_UNUSED_FUNCTION = YES;
				GCC_WARN_UNUSED_VARIABLE = YES;
				MACOSX_DEPLOYMENT_TARGET = 10.14;
				MTL_ENABLE_DEBUG_INFO = YES;
				ONLY_ACTIVE_ARCH = YES;
				SDKROOT = macosx;
			};
			name = Debug;
		};
		0DF3626E2228D69E0052EF10 /* Release */ = {
			isa = XCBuildConfiguration;
			buildSettings = {
				ALWAYS_SEARCH_USER_PATHS = NO;
				CLANG_ANALYZER_NONNULL = YES;
				CLANG_ANALYZER_NUMBER_OBJECT_CONVERSION = YES_AGGRESSIVE;
				CLANG_CXX_LANGUAGE_STANDARD = "gnu++14";
				CLANG_CXX_LIBRARY = "libc++";
				CLANG_ENABLE_MODULES = YES;
				CLANG_ENABLE_OBJC_ARC = YES;
				CLANG_ENABLE_OBJC_WEAK = YES;
				CLANG_WARN_BLOCK_CAPTURE_AUTORELEASING = YES;
				CLANG_WARN_BOOL_CONVERSION = YES;
				CLANG_WARN_COMMA = YES;
				CLANG_WARN_CONSTANT_CONVERSION = YES;
				CLANG_WARN_DEPRECATED_OBJC_IMPLEMENTATIONS = YES;
				CLANG_WARN_DIRECT_OBJC_ISA_USAGE = YES_ERROR;
				CLANG_WARN_DOCUMENTATION_COMMENTS = YES;
				CLANG_WARN_EMPTY_BODY = YES;
				CLANG_WARN_ENUM_CONVERSION = YES;
				CLANG_WARN_INFINITE_RECURSION = YES;
				CLANG_WARN_INT_CONVERSION = YES;
				CLANG_WARN_NON_LITERAL_NULL_CONVERSION = YES;
				CLANG_WARN_OBJC_IMPLICIT_RETAIN_SELF = YES;
				CLANG_WARN_OBJC_LITERAL_CONVERSION = YES;
				CLANG_WARN_OBJC_ROOT_CLASS = YES_ERROR;
				CLANG_WARN_RANGE_LOOP_ANALYSIS = YES;
				CLANG_WARN_STRICT_PROTOTYPES = YES;
				CLANG_WARN_SUSPICIOUS_MOVE = YES;
				CLANG_WARN_UNGUARDED_AVAILABILITY = YES_AGGRESSIVE;
				CLANG_WARN_UNREACHABLE_CODE = YES;
				CLANG_WARN__DUPLICATE_METHOD_MATCH = YES;
				CODE_SIGN_IDENTITY = "-";
				COPY_PHASE_STRIP = NO;
				DEBUG_INFORMATION_FORMAT = "dwarf-with-dsym";
				ENABLE_NS_ASSERTIONS = NO;
				ENABLE_STRICT_OBJC_MSGSEND = YES;
				GCC_C_LANGUAGE_STANDARD = gnu11;
				GCC_NO_COMMON_BLOCKS = YES;
				GCC_WARN_64_TO_32_BIT_CONVERSION = YES;
				GCC_WARN_ABOUT_RETURN_TYPE = YES_ERROR;
				GCC_WARN_UNDECLARED_SELECTOR = YES;
				GCC_WARN_UNINITIALIZED_AUTOS = YES_AGGRESSIVE;
				GCC_WARN_UNUSED_FUNCTION = YES;
				GCC_WARN_UNUSED_VARIABLE = YES;
				MACOSX_DEPLOYMENT_TARGET = 10.14;
				MTL_ENABLE_DEBUG_INFO = NO;
				SDKROOT = macosx;
			};
			name = Release;
		};
		0DF362702228D69E0052EF10 /* Debug */ = {
			isa = XCBuildConfiguration;
			buildSettings = {
				CODE_SIGN_IDENTITY = "Mac Developer";
				CODE_SIGN_STYLE = Automatic;
				DEVELOPMENT_TEAM = Q64GK8FQYN;
				INFOPLIST_FILE = makedebugpoint/Info.plist;
				MACOSX_DEPLOYMENT_TARGET = 10.14;
				MODULE_NAME = com.trendmicro.mtrt.test.makedebugpoint;
				MODULE_START = makedebugpoint_start;
				MODULE_STOP = makedebugpoint_stop;
				MODULE_VERSION = 1.0.0d1;
				PRODUCT_BUNDLE_IDENTIFIER = com.trendmicro.mtrt.test.makedebugpoint;
				PRODUCT_NAME = "$(TARGET_NAME)";
				PROVISIONING_PROFILE_SPECIFIER = "";
				WRAPPER_EXTENSION = kext;
			};
			name = Debug;
		};
		0DF362712228D69E0052EF10 /* Release */ = {
			isa = XCBuildConfiguration;
			buildSettings = {
				CODE_SIGN_IDENTITY = "Mac Developer";
				CODE_SIGN_STYLE = Automatic;
				DEVELOPMENT_TEAM = Q64GK8FQYN;
				INFOPLIST_FILE = makedebugpoint/Info.plist;
				MACOSX_DEPLOYMENT_TARGET = 10.14;
				MODULE_NAME = com.trendmicro.mtrt.test.makedebugpoint;
				MODULE_START = makedebugpoint_start;
				MODULE_STOP = makedebugpoint_stop;
				MODULE_VERSION = 1.0.0d1;
				PRODUCT_BUNDLE_IDENTIFIER = com.trendmicro.mtrt.test.makedebugpoint;
				PRODUCT_NAME = "$(TARGET_NAME)";
				PROVISIONING_PROFILE_SPECIFIER = "";
				WRAPPER_EXTENSION = kext;
			};
			name = Release;
		};
/* End XCBuildConfiguration section */

/* Begin XCConfigurationList section */
		0DF362612228D69E0052EF10 /* Build configuration list for PBXProject "makedebugpoint" */ = {
			isa = XCConfigurationList;
			buildConfigurations = (
				0DF3626D2228D69E0052EF10 /* Debug */,
				0DF3626E2228D69E0052EF10 /* Release */,
			);
			defaultConfigurationIsVisible = 0;
			defaultConfigurationName = Release;
		};
		0DF3626F2228D69E0052EF10 /* Build configuration list for PBXNativeTarget "makedebugpoint" */ = {
			isa = XCConfigurationList;
			buildConfigurations = (
				0DF362702228D69E0052EF10 /* Debug */,
				0DF362712228D69E0052EF10 /* Release */,
			);
			defaultConfigurationIsVisible = 0;
			defaultConfigurationName = Release;
		};
/* End XCConfigurationList section */
	};
	rootObject = 0DF3625E2228D69E0052EF10 /* Project object */;
}
